
Microsoft Visual Studio Solution File, Format Version 12.00
# Visual Studio Version 17
VisualStudioVersion = 17.0.31903.59
MinimumVisualStudioVersion = 10.0.40219.1
Project("{FAE04EC0-301F-11D3-BF4B-00C04F79EFBC}") = "TShop.Api", "TShop.Api\TShop.Api.csproj", "{D905C176-5D0B-4C57-98B2-E2E8D610E56D}"
EndProject
Project("{FAE04EC0-301F-11D3-BF4B-00C04F79EFBC}") = "TShop.Service", "TShop.Service\TShop.Service.csproj", "{C7758AA0-00FF-4B38-AF77-624D239154B2}"
EndProject
Project("{FAE04EC0-301F-11D3-BF4B-00C04F79EFBC}") = "TShop.Domain", "TShop.Domain\TShop.Domain.csproj", "{30B14A02-372F-4F65-9417-A636264F1822}"
EndProject
Global
	GlobalSection(SolutionConfigurationPlatforms) = preSolution
		Debug|Any CPU = Debug|Any CPU
		Release|Any CPU = Release|Any CPU
	EndGlobalSection
	GlobalSection(SolutionProperties) = preSolution
		HideSolutionNode = FALSE
	EndGlobalSection
	GlobalSection(ProjectConfigurationPlatforms) = postSolution
		{D905C176-5D0B-4C57-98B2-E2E8D610E56D}.Debug|Any CPU.ActiveCfg = Debug|Any CPU
		{D905C176-5D0B-4C57-98B2-E2E8D610E56D}.Debug|Any CPU.Build.0 = Debug|Any CPU
		{D905C176-5D0B-4C57-98B2-E2E8D610E56D}.Release|Any CPU.ActiveCfg = Release|Any CPU
		{D905C176-5D0B-4C57-98B2-E2E8D610E56D}.Release|Any CPU.Build.0 = Release|Any CPU
		{C7758AA0-00FF-4B38-AF77-624D239154B2}.Debug|Any CPU.ActiveCfg = Debug|Any CPU
		{C7758AA0-00FF-4B38-AF77-624D239154B2}.Debug|Any CPU.Build.0 = Debug|Any CPU
		{C7758AA0-00FF-4B38-AF77-624D239154B2}.Release|Any CPU.ActiveCfg = Release|Any CPU
		{C7758AA0-00FF-4B38-AF77-624D239154B2}.Release|Any CPU.Build.0 = Release|Any CPU
		{30B14A02-372F-4F65-9417-A636264F1822}.Debug|Any CPU.ActiveCfg = Debug|Any CPU
		{30B14A02-372F-4F65-9417-A636264F1822}.Debug|Any CPU.Build.0 = Debug|Any CPU
		{30B14A02-372F-4F65-9417-A636264F1822}.Release|Any CPU.ActiveCfg = Release|Any CPU
		{30B14A02-372F-4F65-9417-A636264F1822}.Release|Any CPU.Build.0 = Release|Any CPU
	EndGlobalSection
EndGlobal
